// !$*UTF8*$!
{
	archiveVersion = 1;
	classes = {
	};
	objectVersion = 46;
	objects = {

/* Begin PBXBuildFile section */
		165D1D181E62797E0083322E /* AppDelegate.swift in Sources */ = {isa = PBXBuildFile; fileRef = 165D1D171E62797E0083322E /* AppDelegate.swift */; };
		165D1D1C1E62797E0083322E /* CalenderViewController.swift in Sources */ = {isa = PBXBuildFile; fileRef = 165D1D1B1E62797E0083322E /* CalenderViewController.swift */; };
		165D1D211E62797E0083322E /* Assets.xcassets in Resources */ = {isa = PBXBuildFile; fileRef = 165D1D201E62797E0083322E /* Assets.xcassets */; };
		165D1D241E62797E0083322E /* LaunchScreen.storyboard in Resources */ = {isa = PBXBuildFile; fileRef = 165D1D221E62797E0083322E /* LaunchScreen.storyboard */; };
		165D1D2F1E62797E0083322E /* Pray4MeTests.swift in Sources */ = {isa = PBXBuildFile; fileRef = 165D1D2E1E62797E0083322E /* Pray4MeTests.swift */; };
		165D1D3A1E62797E0083322E /* Pray4MeUITests.swift in Sources */ = {isa = PBXBuildFile; fileRef = 165D1D391E62797E0083322E /* Pray4MeUITests.swift */; };
		165D1D481E627BF30083322E /* CategoriesViewController.swift in Sources */ = {isa = PBXBuildFile; fileRef = 165D1D471E627BF30083322E /* CategoriesViewController.swift */; };
		165D1D4A1E627CE10083322E /* SettingsViewController.swift in Sources */ = {isa = PBXBuildFile; fileRef = 165D1D491E627CE10083322E /* SettingsViewController.swift */; };
		165D1D681E65250F0083322E /* ProfileViewController.swift in Sources */ = {isa = PBXBuildFile; fileRef = 165D1D671E65250F0083322E /* ProfileViewController.swift */; };
		16AD3D181E6BB371001DE3B5 /* PrayerFeedTableViewController.swift in Sources */ = {isa = PBXBuildFile; fileRef = 16AD3D171E6BB371001DE3B5 /* PrayerFeedTableViewController.swift */; };
		16AD3D1A1E6BB609001DE3B5 /* PrayerRequest.swift in Sources */ = {isa = PBXBuildFile; fileRef = 16AD3D191E6BB609001DE3B5 /* PrayerRequest.swift */; };
		16BB05671E6CDE5300429A12 /* PrayerRequestCell.swift in Sources */ = {isa = PBXBuildFile; fileRef = 16BB05661E6CDE5300429A12 /* PrayerRequestCell.swift */; };
		16BB056D1E6D048300429A12 /* RequestDetailsTableViewController.swift in Sources */ = {isa = PBXBuildFile; fileRef = 16BB056C1E6D048300429A12 /* RequestDetailsTableViewController.swift */; };
		16FE873D1E726B7000281EBF /* PrayerFeelingPickerController.swift in Sources */ = {isa = PBXBuildFile; fileRef = 16FE873C1E726B7000281EBF /* PrayerFeelingPickerController.swift */; };
		16FE878E1E74EA6600281EBF /* Main.storyboard in Resources */ = {isa = PBXBuildFile; fileRef = 16FE878D1E74EA6600281EBF /* Main.storyboard */; };
		16FE87901E76515E00281EBF /* PrayerFeedSource.swift in Sources */ = {isa = PBXBuildFile; fileRef = 16FE878F1E76515E00281EBF /* PrayerFeedSource.swift */; };
		16FE88101E78D0D000281EBF /* PrayerFeelingSource.swift in Sources */ = {isa = PBXBuildFile; fileRef = 16FE880F1E78D0D000281EBF /* PrayerFeelingSource.swift */; };
/* End PBXBuildFile section */

/* Begin PBXContainerItemProxy section */
		165D1D2B1E62797E0083322E /* PBXContainerItemProxy */ = {
			isa = PBXContainerItemProxy;
			containerPortal = 165D1D0C1E62797E0083322E /* Project object */;
			proxyType = 1;
			remoteGlobalIDString = 165D1D131E62797E0083322E;
			remoteInfo = Pray4Me;
		};
		165D1D361E62797E0083322E /* PBXContainerItemProxy */ = {
			isa = PBXContainerItemProxy;
			containerPortal = 165D1D0C1E62797E0083322E /* Project object */;
			proxyType = 1;
			remoteGlobalIDString = 165D1D131E62797E0083322E;
			remoteInfo = Pray4Me;
		};
/* End PBXContainerItemProxy section */

/* Begin PBXFileReference section */
		165D1D141E62797E0083322E /* Pray4Me.app */ = {isa = PBXFileReference; explicitFileType = wrapper.application; includeInIndex = 0; path = Pray4Me.app; sourceTree = BUILT_PRODUCTS_DIR; };
		165D1D171E62797E0083322E /* AppDelegate.swift */ = {isa = PBXFileReference; lastKnownFileType = sourcecode.swift; path = AppDelegate.swift; sourceTree = "<group>"; };
		165D1D1B1E62797E0083322E /* CalenderViewController.swift */ = {isa = PBXFileReference; lastKnownFileType = sourcecode.swift; path = CalenderViewController.swift; sourceTree = "<group>"; };
		165D1D201E62797E0083322E /* Assets.xcassets */ = {isa = PBXFileReference; lastKnownFileType = folder.assetcatalog; path = Assets.xcassets; sourceTree = "<group>"; };
		165D1D231E62797E0083322E /* Base */ = {isa = PBXFileReference; lastKnownFileType = file.storyboard; name = Base; path = Base.lproj/LaunchScreen.storyboard; sourceTree = "<group>"; };
		165D1D251E62797E0083322E /* Info.plist */ = {isa = PBXFileReference; lastKnownFileType = text.plist.xml; path = Info.plist; sourceTree = "<group>"; };
		165D1D2A1E62797E0083322E /* Pray4MeTests.xctest */ = {isa = PBXFileReference; explicitFileType = wrapper.cfbundle; includeInIndex = 0; path = Pray4MeTests.xctest; sourceTree = BUILT_PRODUCTS_DIR; };
		165D1D2E1E62797E0083322E /* Pray4MeTests.swift */ = {isa = PBXFileReference; lastKnownFileType = sourcecode.swift; path = Pray4MeTests.swift; sourceTree = "<group>"; };
		165D1D301E62797E0083322E /* Info.plist */ = {isa = PBXFileReference; lastKnownFileType = text.plist.xml; path = Info.plist; sourceTree = "<group>"; };
		165D1D351E62797E0083322E /* Pray4MeUITests.xctest */ = {isa = PBXFileReference; explicitFileType = wrapper.cfbundle; includeInIndex = 0; path = Pray4MeUITests.xctest; sourceTree = BUILT_PRODUCTS_DIR; };
		165D1D391E62797E0083322E /* Pray4MeUITests.swift */ = {isa = PBXFileReference; lastKnownFileType = sourcecode.swift; path = Pray4MeUITests.swift; sourceTree = "<group>"; };
		165D1D3B1E62797E0083322E /* Info.plist */ = {isa = PBXFileReference; lastKnownFileType = text.plist.xml; path = Info.plist; sourceTree = "<group>"; };
		165D1D471E627BF30083322E /* CategoriesViewController.swift */ = {isa = PBXFileReference; fileEncoding = 4; lastKnownFileType = sourcecode.swift; path = CategoriesViewController.swift; sourceTree = "<group>"; };
		165D1D491E627CE10083322E /* SettingsViewController.swift */ = {isa = PBXFileReference; fileEncoding = 4; lastKnownFileType = sourcecode.swift; path = SettingsViewController.swift; sourceTree = "<group>"; };
		165D1D671E65250F0083322E /* ProfileViewController.swift */ = {isa = PBXFileReference; fileEncoding = 4; lastKnownFileType = sourcecode.swift; path = ProfileViewController.swift; sourceTree = "<group>"; };
		16AD3D171E6BB371001DE3B5 /* PrayerFeedTableViewController.swift */ = {isa = PBXFileReference; fileEncoding = 4; lastKnownFileType = sourcecode.swift; path = PrayerFeedTableViewController.swift; sourceTree = "<group>"; };
		16AD3D191E6BB609001DE3B5 /* PrayerRequest.swift */ = {isa = PBXFileReference; fileEncoding = 4; lastKnownFileType = sourcecode.swift; path = PrayerRequest.swift; sourceTree = "<group>"; };
		16BB05661E6CDE5300429A12 /* PrayerRequestCell.swift */ = {isa = PBXFileReference; fileEncoding = 4; lastKnownFileType = sourcecode.swift; path = PrayerRequestCell.swift; sourceTree = "<group>"; };
		16BB056C1E6D048300429A12 /* RequestDetailsTableViewController.swift */ = {isa = PBXFileReference; fileEncoding = 4; lastKnownFileType = sourcecode.swift; path = RequestDetailsTableViewController.swift; sourceTree = "<group>"; };
		16FE873C1E726B7000281EBF /* PrayerFeelingPickerController.swift */ = {isa = PBXFileReference; fileEncoding = 4; lastKnownFileType = sourcecode.swift; path = PrayerFeelingPickerController.swift; sourceTree = "<group>"; };
		16FE878D1E74EA6600281EBF /* Main.storyboard */ = {isa = PBXFileReference; fileEncoding = 4; lastKnownFileType = file.storyboard; path = Main.storyboard; sourceTree = "<group>"; };
		16FE878F1E76515E00281EBF /* PrayerFeedSource.swift */ = {isa = PBXFileReference; fileEncoding = 4; lastKnownFileType = sourcecode.swift; path = PrayerFeedSource.swift; sourceTree = "<group>"; };
		16FE880F1E78D0D000281EBF /* PrayerFeelingSource.swift */ = {isa = PBXFileReference; fileEncoding = 4; lastKnownFileType = sourcecode.swift; path = PrayerFeelingSource.swift; sourceTree = "<group>"; };
/* End PBXFileReference section */

/* Begin PBXFrameworksBuildPhase section */
		165D1D111E62797E0083322E /* Frameworks */ = {
			isa = PBXFrameworksBuildPhase;
			buildActionMask = 2147483647;
			files = (
			);
			runOnlyForDeploymentPostprocessing = 0;
		};
		165D1D271E62797E0083322E /* Frameworks */ = {
			isa = PBXFrameworksBuildPhase;
			buildActionMask = 2147483647;
			files = (
			);
			runOnlyForDeploymentPostprocessing = 0;
		};
		165D1D321E62797E0083322E /* Frameworks */ = {
			isa = PBXFrameworksBuildPhase;
			buildActionMask = 2147483647;
			files = (
			);
			runOnlyForDeploymentPostprocessing = 0;
		};
/* End PBXFrameworksBuildPhase section */

/* Begin PBXGroup section */
		165D1D0B1E62797E0083322E = {
			isa = PBXGroup;
			children = (
				165D1D161E62797E0083322E /* Pray4Me */,
				165D1D2D1E62797E0083322E /* Pray4MeTests */,
				165D1D381E62797E0083322E /* Pray4MeUITests */,
				165D1D151E62797E0083322E /* Products */,
			);
			sourceTree = "<group>";
		};
		165D1D151E62797E0083322E /* Products */ = {
			isa = PBXGroup;
			children = (
				165D1D141E62797E0083322E /* Pray4Me.app */,
				165D1D2A1E62797E0083322E /* Pray4MeTests.xctest */,
				165D1D351E62797E0083322E /* Pray4MeUITests.xctest */,
			);
			name = Products;
			sourceTree = "<group>";
		};
		165D1D161E62797E0083322E /* Pray4Me */ = {
			isa = PBXGroup;
			children = (
				165D1D171E62797E0083322E /* AppDelegate.swift */,
				165D1D1B1E62797E0083322E /* CalenderViewController.swift */,
				16FE878D1E74EA6600281EBF /* Main.storyboard */,
				165D1D671E65250F0083322E /* ProfileViewController.swift */,
				165D1D491E627CE10083322E /* SettingsViewController.swift */,
				16BB056E1E6D16DA00429A12 /* Prayer Feed */,
				165D1D471E627BF30083322E /* CategoriesViewController.swift */,
				165D1D201E62797E0083322E /* Assets.xcassets */,
				165D1D221E62797E0083322E /* LaunchScreen.storyboard */,
				165D1D251E62797E0083322E /* Info.plist */,
			);
			path = Pray4Me;
			sourceTree = "<group>";
		};
		165D1D2D1E62797E0083322E /* Pray4MeTests */ = {
			isa = PBXGroup;
			children = (
				165D1D2E1E62797E0083322E /* Pray4MeTests.swift */,
				165D1D301E62797E0083322E /* Info.plist */,
			);
			path = Pray4MeTests;
			sourceTree = "<group>";
		};
		165D1D381E62797E0083322E /* Pray4MeUITests */ = {
			isa = PBXGroup;
			children = (
				165D1D391E62797E0083322E /* Pray4MeUITests.swift */,
				165D1D3B1E62797E0083322E /* Info.plist */,
			);
			path = Pray4MeUITests;
			sourceTree = "<group>";
		};
		16BB056E1E6D16DA00429A12 /* Prayer Feed */ = {
			isa = PBXGroup;
			children = (
				16BB056C1E6D048300429A12 /* RequestDetailsTableViewController.swift */,
				16AD3D171E6BB371001DE3B5 /* PrayerFeedTableViewController.swift */,
				16FE878F1E76515E00281EBF /* PrayerFeedSource.swift */,
				16BB05661E6CDE5300429A12 /* PrayerRequestCell.swift */,
				16AD3D191E6BB609001DE3B5 /* PrayerRequest.swift */,
				16FE873C1E726B7000281EBF /* PrayerFeelingPickerController.swift */,
				16FE880F1E78D0D000281EBF /* PrayerFeelingSource.swift */,
			);
			name = "Prayer Feed";
			sourceTree = "<group>";
		};
/* End PBXGroup section */

/* Begin PBXNativeTarget section */
		165D1D131E62797E0083322E /* Pray4Me */ = {
			isa = PBXNativeTarget;
			buildConfigurationList = 165D1D3E1E62797E0083322E /* Build configuration list for PBXNativeTarget "Pray4Me" */;
			buildPhases = (
				165D1D101E62797E0083322E /* Sources */,
				165D1D111E62797E0083322E /* Frameworks */,
				165D1D121E62797E0083322E /* Resources */,
			);
			buildRules = (
			);
			dependencies = (
			);
			name = Pray4Me;
			productName = Pray4Me;
			productReference = 165D1D141E62797E0083322E /* Pray4Me.app */;
			productType = "com.apple.product-type.application";
		};
		165D1D291E62797E0083322E /* Pray4MeTests */ = {
			isa = PBXNativeTarget;
			buildConfigurationList = 165D1D411E62797E0083322E /* Build configuration list for PBXNativeTarget "Pray4MeTests" */;
			buildPhases = (
				165D1D261E62797E0083322E /* Sources */,
				165D1D271E62797E0083322E /* Frameworks */,
				165D1D281E62797E0083322E /* Resources */,
			);
			buildRules = (
			);
			dependencies = (
				165D1D2C1E62797E0083322E /* PBXTargetDependency */,
			);
			name = Pray4MeTests;
			productName = Pray4MeTests;
			productReference = 165D1D2A1E62797E0083322E /* Pray4MeTests.xctest */;
			productType = "com.apple.product-type.bundle.unit-test";
		};
		165D1D341E62797E0083322E /* Pray4MeUITests */ = {
			isa = PBXNativeTarget;
			buildConfigurationList = 165D1D441E62797E0083322E /* Build configuration list for PBXNativeTarget "Pray4MeUITests" */;
			buildPhases = (
				165D1D311E62797E0083322E /* Sources */,
				165D1D321E62797E0083322E /* Frameworks */,
				165D1D331E62797E0083322E /* Resources */,
			);
			buildRules = (
			);
			dependencies = (
				165D1D371E62797E0083322E /* PBXTargetDependency */,
			);
			name = Pray4MeUITests;
			productName = Pray4MeUITests;
			productReference = 165D1D351E62797E0083322E /* Pray4MeUITests.xctest */;
			productType = "com.apple.product-type.bundle.ui-testing";
		};
/* End PBXNativeTarget section */

/* Begin PBXProject section */
		165D1D0C1E62797E0083322E /* Project object */ = {
			isa = PBXProject;
			attributes = {
				LastSwiftUpdateCheck = 0820;
				LastUpgradeCheck = 0820;
				ORGANIZATIONNAME = "Nathaniel Ruiz";
				TargetAttributes = {
					165D1D131E62797E0083322E = {
						CreatedOnToolsVersion = 8.2.1;
						DevelopmentTeam = 7556V46NNX;
						ProvisioningStyle = Automatic;
					};
					165D1D291E62797E0083322E = {
						CreatedOnToolsVersion = 8.2.1;
						DevelopmentTeam = F6BFMS2MNB;
						ProvisioningStyle = Automatic;
						TestTargetID = 165D1D131E62797E0083322E;
					};
					165D1D341E62797E0083322E = {
						CreatedOnToolsVersion = 8.2.1;
						DevelopmentTeam = F6BFMS2MNB;
						ProvisioningStyle = Automatic;
						TestTargetID = 165D1D131E62797E0083322E;
					};
				};
			};
			buildConfigurationList = 165D1D0F1E62797E0083322E /* Build configuration list for PBXProject "Pray4Me" */;
			compatibilityVersion = "Xcode 3.2";
			developmentRegion = English;
			hasScannedForEncodings = 0;
			knownRegions = (
				en,
				Base,
			);
			mainGroup = 165D1D0B1E62797E0083322E;
			productRefGroup = 165D1D151E62797E0083322E /* Products */;
			projectDirPath = "";
			projectRoot = "";
			targets = (
				165D1D131E62797E0083322E /* Pray4Me */,
				165D1D291E62797E0083322E /* Pray4MeTests */,
				165D1D341E62797E0083322E /* Pray4MeUITests */,
			);
		};
/* End PBXProject section */

/* Begin PBXResourcesBuildPhase section */
		165D1D121E62797E0083322E /* Resources */ = {
			isa = PBXResourcesBuildPhase;
			buildActionMask = 2147483647;
			files = (
				165D1D241E62797E0083322E /* LaunchScreen.storyboard in Resources */,
				165D1D211E62797E0083322E /* Assets.xcassets in Resources */,
				16FE878E1E74EA6600281EBF /* Main.storyboard in Resources */,
			);
			runOnlyForDeploymentPostprocessing = 0;
		};
		165D1D281E62797E0083322E /* Resources */ = {
			isa = PBXResourcesBuildPhase;
			buildActionMask = 2147483647;
			files = (
			);
			runOnlyForDeploymentPostprocessing = 0;
		};
		165D1D331E62797E0083322E /* Resources */ = {
			isa = PBXResourcesBuildPhase;
			buildActionMask = 2147483647;
			files = (
			);
			runOnlyForDeploymentPostprocessing = 0;
		};
/* End PBXResourcesBuildPhase section */

/* Begin PBXSourcesBuildPhase section */
		165D1D101E62797E0083322E /* Sources */ = {
			isa = PBXSourcesBuildPhase;
			buildActionMask = 2147483647;
			files = (
				16FE87901E76515E00281EBF /* PrayerFeedSource.swift in Sources */,
				16BB056D1E6D048300429A12 /* RequestDetailsTableViewController.swift in Sources */,
				16FE88101E78D0D000281EBF /* PrayerFeelingSource.swift in Sources */,
				16FE873D1E726B7000281EBF /* PrayerFeelingPickerController.swift in Sources */,
				165D1D681E65250F0083322E /* ProfileViewController.swift in Sources */,
				165D1D1C1E62797E0083322E /* CalenderViewController.swift in Sources */,
				165D1D181E62797E0083322E /* AppDelegate.swift in Sources */,
				165D1D481E627BF30083322E /* CategoriesViewController.swift in Sources */,
				16AD3D181E6BB371001DE3B5 /* PrayerFeedTableViewController.swift in Sources */,
				165D1D4A1E627CE10083322E /* SettingsViewController.swift in Sources */,
				16BB05671E6CDE5300429A12 /* PrayerRequestCell.swift in Sources */,
				16AD3D1A1E6BB609001DE3B5 /* PrayerRequest.swift in Sources */,
			);
			runOnlyForDeploymentPostprocessing = 0;
		};
		165D1D261E62797E0083322E /* Sources */ = {
			isa = PBXSourcesBuildPhase;
			buildActionMask = 2147483647;
			files = (
				165D1D2F1E62797E0083322E /* Pray4MeTests.swift in Sources */,
			);
			runOnlyForDeploymentPostprocessing = 0;
		};
		165D1D311E62797E0083322E /* Sources */ = {
			isa = PBXSourcesBuildPhase;
			buildActionMask = 2147483647;
			files = (
				165D1D3A1E62797E0083322E /* Pray4MeUITests.swift in Sources */,
			);
			runOnlyForDeploymentPostprocessing = 0;
		};
/* End PBXSourcesBuildPhase section */

/* Begin PBXTargetDependency section */
		165D1D2C1E62797E0083322E /* PBXTargetDependency */ = {
			isa = PBXTargetDependency;
			target = 165D1D131E62797E0083322E /* Pray4Me */;
			targetProxy = 165D1D2B1E62797E0083322E /* PBXContainerItemProxy */;
		};
		165D1D371E62797E0083322E /* PBXTargetDependency */ = {
			isa = PBXTargetDependency;
			target = 165D1D131E62797E0083322E /* Pray4Me */;
			targetProxy = 165D1D361E62797E0083322E /* PBXContainerItemProxy */;
		};
/* End PBXTargetDependency section */

/* Begin PBXVariantGroup section */
		165D1D221E62797E0083322E /* LaunchScreen.storyboard */ = {
			isa = PBXVariantGroup;
			children = (
				165D1D231E62797E0083322E /* Base */,
			);
			name = LaunchScreen.storyboard;
			sourceTree = "<group>";
		};
/* End PBXVariantGroup section */

/* Begin XCBuildConfiguration section */
		165D1D3C1E62797E0083322E /* Debug */ = {
			isa = XCBuildConfiguration;
			buildSettings = {
				ALWAYS_SEARCH_USER_PATHS = NO;
				CLANG_ANALYZER_NONNULL = YES;
				CLANG_CXX_LANGUAGE_STANDARD = "gnu++0x";
				CLANG_CXX_LIBRARY = "libc++";
				CLANG_ENABLE_MODULES = YES;
				CLANG_ENABLE_OBJC_ARC = YES;
				CLANG_WARN_BOOL_CONVERSION = YES;
				CLANG_WARN_CONSTANT_CONVERSION = YES;
				CLANG_WARN_DIRECT_OBJC_ISA_USAGE = YES_ERROR;
				CLANG_WARN_DOCUMENTATION_COMMENTS = YES;
				CLANG_WARN_EMPTY_BODY = YES;
				CLANG_WARN_ENUM_CONVERSION = YES;
				CLANG_WARN_INFINITE_RECURSION = YES;
				CLANG_WARN_INT_CONVERSION = YES;
				CLANG_WARN_OBJC_ROOT_CLASS = YES_ERROR;
				CLANG_WARN_SUSPICIOUS_MOVE = YES;
				CLANG_WARN_UNREACHABLE_CODE = YES;
				CLANG_WARN__DUPLICATE_METHOD_MATCH = YES;
				"CODE_SIGN_IDENTITY[sdk=iphoneos*]" = "iPhone Developer";
				COPY_PHASE_STRIP = NO;
				DEBUG_INFORMATION_FORMAT = dwarf;
				ENABLE_STRICT_OBJC_MSGSEND = YES;
				ENABLE_TESTABILITY = YES;
				GCC_C_LANGUAGE_STANDARD = gnu99;
				GCC_DYNAMIC_NO_PIC = NO;
				GCC_NO_COMMON_BLOCKS = YES;
				GCC_OPTIMIZATION_LEVEL = 0;
				GCC_PREPROCESSOR_DEFINITIONS = (
					"DEBUG=1",
					"$(inherited)",
				);
				GCC_WARN_64_TO_32_BIT_CONVERSION = YES;
				GCC_WARN_ABOUT_RETURN_TYPE = YES_ERROR;
				GCC_WARN_UNDECLARED_SELECTOR = YES;
				GCC_WARN_UNINITIALIZED_AUTOS = YES_AGGRESSIVE;
				GCC_WARN_UNUSED_FUNCTION = YES;
				GCC_WARN_UNUSED_VARIABLE = YES;
				IPHONEOS_DEPLOYMENT_TARGET = 10.2;
				MTL_ENABLE_DEBUG_INFO = YES;
				ONLY_ACTIVE_ARCH = YES;
				SDKROOT = iphoneos;
				SWIFT_ACTIVE_COMPILATION_CONDITIONS = DEBUG;
				SWIFT_OPTIMIZATION_LEVEL = "-Onone";
				TARGETED_DEVICE_FAMILY = "1,2";
			};
			name = Debug;
		};
		165D1D3D1E62797E0083322E /* Release */ = {
			isa = XCBuildConfiguration;
			buildSettings = {
				ALWAYS_SEARCH_USER_PATHS = NO;
				CLANG_ANALYZER_NONNULL = YES;
				CLANG_CXX_LANGUAGE_STANDARD = "gnu++0x";
				CLANG_CXX_LIBRARY = "libc++";
				CLANG_ENABLE_MODULES = YES;
				CLANG_ENABLE_OBJC_ARC = YES;
				CLANG_WARN_BOOL_CONVERSION = YES;
				CLANG_WARN_CONSTANT_CONVERSION = YES;
				CLANG_WARN_DIRECT_OBJC_ISA_USAGE = YES_ERROR;
				CLANG_WARN_DOCUMENTATION_COMMENTS = YES;
				CLANG_WARN_EMPTY_BODY = YES;
				CLANG_WARN_ENUM_CONVERSION = YES;
				CLANG_WARN_INFINITE_RECURSION = YES;
				CLANG_WARN_INT_CONVERSION = YES;
				CLANG_WARN_OBJC_ROOT_CLASS = YES_ERROR;
				CLANG_WARN_SUSPICIOUS_MOVE = YES;
				CLANG_WARN_UNREACHABLE_CODE = YES;
				CLANG_WARN__DUPLICATE_METHOD_MATCH = YES;
				"CODE_SIGN_IDENTITY[sdk=iphoneos*]" = "iPhone Developer";
				COPY_PHASE_STRIP = NO;
				DEBUG_INFORMATION_FORMAT = "dwarf-with-dsym";
				ENABLE_NS_ASSERTIONS = NO;
				ENABLE_STRICT_OBJC_MSGSEND = YES;
				GCC_C_LANGUAGE_STANDARD = gnu99;
				GCC_NO_COMMON_BLOCKS = YES;
				GCC_WARN_64_TO_32_BIT_CONVERSION = YES;
				GCC_WARN_ABOUT_RETURN_TYPE = YES_ERROR;
				GCC_WARN_UNDECLARED_SELECTOR = YES;
				GCC_WARN_UNINITIALIZED_AUTOS = YES_AGGRESSIVE;
				GCC_WARN_UNUSED_FUNCTION = YES;
				GCC_WARN_UNUSED_VARIABLE = YES;
				IPHONEOS_DEPLOYMENT_TARGET = 10.2;
				MTL_ENABLE_DEBUG_INFO = NO;
				SDKROOT = iphoneos;
				SWIFT_OPTIMIZATION_LEVEL = "-Owholemodule";
				TARGETED_DEVICE_FAMILY = "1,2";
				VALIDATE_PRODUCT = YES;
			};
			name = Release;
		};
		165D1D3F1E62797E0083322E /* Debug */ = {
			isa = XCBuildConfiguration;
			buildSettings = {
				ASSETCATALOG_COMPILER_APPICON_NAME = AppIcon;
				DEVELOPMENT_TEAM = 7556V46NNX;
				INFOPLIST_FILE = Pray4Me/Info.plist;
				LD_RUNPATH_SEARCH_PATHS = "$(inherited) @executable_path/Frameworks";
				PRODUCT_BUNDLE_IDENTIFIER = Nathaniel.Pray4Me;
				PRODUCT_NAME = "$(TARGET_NAME)";
				SWIFT_VERSION = 3.0;
			};
			name = Debug;
		};
		165D1D401E62797E0083322E /* Release */ = {
			isa = XCBuildConfiguration;
			buildSettings = {
				ASSETCATALOG_COMPILER_APPICON_NAME = AppIcon;
				DEVELOPMENT_TEAM = 7556V46NNX;
				INFOPLIST_FILE = Pray4Me/Info.plist;
				LD_RUNPATH_SEARCH_PATHS = "$(inherited) @executable_path/Frameworks";
				PRODUCT_BUNDLE_IDENTIFIER = Nathaniel.Pray4Me;
				PRODUCT_NAME = "$(TARGET_NAME)";
				SWIFT_VERSION = 3.0;
			};
			name = Release;
		};
		165D1D421E62797E0083322E /* Debug */ = {
			isa = XCBuildConfiguration;
			buildSettings = {
				ALWAYS_EMBED_SWIFT_STANDARD_LIBRARIES = YES;
				BUNDLE_LOADER = "$(TEST_HOST)";
				DEVELOPMENT_TEAM = F6BFMS2MNB;
				INFOPLIST_FILE = Pray4MeTests/Info.plist;
				LD_RUNPATH_SEARCH_PATHS = "$(inherited) @executable_path/Frameworks @loader_path/Frameworks";
				PRODUCT_BUNDLE_IDENTIFIER = Nathan.Pray4MeTests;
				PRODUCT_NAME = "$(TARGET_NAME)";
				SWIFT_VERSION = 3.0;
				TEST_HOST = "$(BUILT_PRODUCTS_DIR)/Pray4Me.app/Pray4Me";
			};
			name = Debug;
		};
		165D1D431E62797E0083322E /* Release */ = {
			isa = XCBuildConfiguration;
			buildSettings = {
				ALWAYS_EMBED_SWIFT_STANDARD_LIBRARIES = YES;
				BUNDLE_LOADER = "$(TEST_HOST)";
				DEVELOPMENT_TEAM = F6BFMS2MNB;
				INFOPLIST_FILE = Pray4MeTests/Info.plist;
				LD_RUNPATH_SEARCH_PATHS = "$(inherited) @executable_path/Frameworks @loader_path/Frameworks";
				PRODUCT_BUNDLE_IDENTIFIER = Nathan.Pray4MeTests;
				PRODUCT_NAME = "$(TARGET_NAME)";
				SWIFT_VERSION = 3.0;
				TEST_HOST = "$(BUILT_PRODUCTS_DIR)/Pray4Me.app/Pray4Me";
			};
			name = Release;
		};
		165D1D451E62797E0083322E /* Debug */ = {
			isa = XCBuildConfiguration;
			buildSettings = {
				ALWAYS_EMBED_SWIFT_STANDARD_LIBRARIES = YES;
				DEVELOPMENT_TEAM = F6BFMS2MNB;
				INFOPLIST_FILE = Pray4MeUITests/Info.plist;
				LD_RUNPATH_SEARCH_PATHS = "$(inherited) @executable_path/Frameworks @loader_path/Frameworks";
				PRODUCT_BUNDLE_IDENTIFIER = Nathan.Pray4MeUITests;
				PRODUCT_NAME = "$(TARGET_NAME)";
				SWIFT_VERSION = 3.0;
				TEST_TARGET_NAME = Pray4Me;
			};
			name = Debug;
		};
		165D1D461E62797E0083322E /* Release */ = {
			isa = XCBuildConfiguration;
			buildSettings = {
				ALWAYS_EMBED_SWIFT_STANDARD_LIBRARIES = YES;
				DEVELOPMENT_TEAM = F6BFMS2MNB;
				INFOPLIST_FILE = Pray4MeUITests/Info.plist;
				LD_RUNPATH_SEARCH_PATHS = "$(inherited) @executable_path/Frameworks @loader_path/Frameworks";
				PRODUCT_BUNDLE_IDENTIFIER = Nathan.Pray4MeUITests;
				PRODUCT_NAME = "$(TARGET_NAME)";
				SWIFT_VERSION = 3.0;
				TEST_TARGET_NAME = Pray4Me;
			};
			name = Release;
		};
/* End XCBuildConfiguration section */

/* Begin XCConfigurationList section */
		165D1D0F1E62797E0083322E /* Build configuration list for PBXProject "Pray4Me" */ = {
			isa = XCConfigurationList;
			buildConfigurations = (
				165D1D3C1E62797E0083322E /* Debug */,
				165D1D3D1E62797E0083322E /* Release */,
			);
			defaultConfigurationIsVisible = 0;
			defaultConfigurationName = Release;
		};
		165D1D3E1E62797E0083322E /* Build configuration list for PBXNativeTarget "Pray4Me" */ = {
			isa = XCConfigurationList;
			buildConfigurations = (
				165D1D3F1E62797E0083322E /* Debug */,
				165D1D401E62797E0083322E /* Release */,
			);
			defaultConfigurationIsVisible = 0;
			defaultConfigurationName = Release;
		};
		165D1D411E62797E0083322E /* Build configuration list for PBXNativeTarget "Pray4MeTests" */ = {
			isa = XCConfigurationList;
			buildConfigurations = (
				165D1D421E62797E0083322E /* Debug */,
				165D1D431E62797E0083322E /* Release */,
			);
			defaultConfigurationIsVisible = 0;
			defaultConfigurationName = Release;
		};
		165D1D441E62797E0083322E /* Build configuration list for PBXNativeTarget "Pray4MeUITests" */ = {
			isa = XCConfigurationList;
			buildConfigurations = (
				165D1D451E62797E0083322E /* Debug */,
				165D1D461E62797E0083322E /* Release */,
			);
			defaultConfigurationIsVisible = 0;
			defaultConfigurationName = Release;
		};
/* End XCConfigurationList section */
	};
	rootObject = 165D1D0C1E62797E0083322E /* Project object */;
}
